
Microsoft Visual Studio Solution File, Format Version 12.00
# Visual Studio Version 17
VisualStudioVersion = 17.4.33110.190
MinimumVisualStudioVersion = 10.0.40219.1
Project("{F184B08F-C81C-45F6-A57F-5ABD9991F28F}") = "Caixa atm", "Caixa atm\Caixa atm.vbproj", "{4D966118-8A82-4002-8943-108DA97F9D98}"
EndProject
Global
	GlobalSection(SolutionConfigurationPlatforms) = preSolution
		Debug|Any CPU = Debug|Any CPU
		Release|Any CPU = Release|Any CPU
	EndGlobalSection
	GlobalSection(ProjectConfigurationPlatforms) = postSolution
		{4D966118-8A82-4002-8943-108DA97F9D98}.Debug|Any CPU.ActiveCfg = Debug|Any CPU
		{4D966118-8A82-4002-8943-108DA97F9D98}.Debug|Any CPU.Build.0 = Debug|Any CPU
		{4D966118-8A82-4002-8943-108DA97F9D98}.Release|Any CPU.ActiveCfg = Release|Any CPU
		{4D966118-8A82-4002-8943-108DA97F9D98}.Release|Any CPU.Build.0 = Release|Any CPU
	EndGlobalSection
	GlobalSection(SolutionProperties) = preSolution
		HideSolutionNode = FALSE
	EndGlobalSection
	GlobalSection(ExtensibilityGlobals) = postSolution
		SolutionGuid = {880D8F1B-E012-4663-ADB4-0BA93AA728DD}
	EndGlobalSection
EndGlobal
